
Microsoft Visual Studio Solution File, Format Version 12.00
# Visual Studio Version 16
VisualStudioVersion = 16.0.29709.97
MinimumVisualStudioVersion = 10.0.40219.1
Project("{FAE04EC0-301F-11D3-BF4B-00C04F79EFBC}") = "MarketStoreSystem", "MarketStoreSystem\MarketStoreSystem.csproj", "{D4B1AEAF-1BB6-45F3-9F81-FA912B2F0D33}"
EndProject
Global
	GlobalSection(SolutionConfigurationPlatforms) = preSolution
		Debug|Any CPU = Debug|Any CPU
		Release|Any CPU = Release|Any CPU
	EndGlobalSection
	GlobalSection(ProjectConfigurationPlatforms) = postSolution
		{D4B1AEAF-1BB6-45F3-9F81-FA912B2F0D33}.Debug|Any CPU.ActiveCfg = Debug|Any CPU
		{D4B1AEAF-1BB6-45F3-9F81-FA912B2F0D33}.Debug|Any CPU.Build.0 = Debug|Any CPU
		{D4B1AEAF-1BB6-45F3-9F81-FA912B2F0D33}.Release|Any CPU.ActiveCfg = Release|Any CPU
		{D4B1AEAF-1BB6-45F3-9F81-FA912B2F0D33}.Release|Any CPU.Build.0 = Release|Any CPU
	EndGlobalSection
	GlobalSection(SolutionProperties) = preSolution
		HideSolutionNode = FALSE
	EndGlobalSection
	GlobalSection(ExtensibilityGlobals) = postSolution
		SolutionGuid = {36F094E4-D7A7-4CD8-B360-D969672C68A3}
	EndGlobalSection
EndGlobal
